<?xml version="1.0" encoding="utf-8"?>
<Project ToolsVersion="4.0" xmlns="http://schemas.microsoft.com/developer/msbuild/2003">
  <ItemGroup>
    <ClCompile Include="quSynthesis.cpp" />
    <ClCompile Include="stdafx.cpp" />
    <ClCompile Include="Queue.cpp">
      <Filter>Algorithms</Filter>
    </ClCompile>
    <ClCompile Include="Rand.cpp">
      <Filter>Utilities</Filter>
    </ClCompile>
    <ClCompile Include="Synthesizer.cpp">
      <Filter>Algorithms</Filter>
    </ClCompile>
  </ItemGroup>
  <ItemGroup>
    <ClInclude Include="stdafx.h" />
    <ClInclude Include="targetver.h" />
    <ClInclude Include="GAConductor.h">
      <Filter>Conductors</Filter>
    </ClInclude>
    <ClInclude Include="CoveredSetPartition.h">
      <Filter>Algorithms</Filter>
    </ClInclude>
    <ClInclude Include="Globals.h">
      <Filter>Utilities</Filter>
    </ClInclude>
    <ClInclude Include="Hasse.h">
      <Filter>Algorithms</Filter>
    </ClInclude>
    <ClInclude Include="Miller.h">
      <Filter>Algorithms</Filter>
    </ClInclude>
    <ClInclude Include="QuAlgorithm.h">
      <Filter>Algorithms</Filter>
    </ClInclude>
    <ClInclude Include="QuConductor.h">
      <Filter>Conductors</Filter>
    </ClInclude>
    <ClInclude Include="Queue.h">
      <Filter>Algorithms</Filter>
    </ClInclude>
    <ClInclude Include="Rand.h">
      <Filter>Utilities</Filter>
    </ClInclude>
    <ClInclude Include="Synthesizer.h">
      <Filter>Algorithms</Filter>
    </ClInclude>
    <ClInclude Include="Thread.h">
      <Filter>Utilities</Filter>
    </ClInclude>
    <ClInclude Include="FileSrc.h">
      <Filter>IO</Filter>
    </ClInclude>
    <ClInclude Include="Function.h">
      <Filter>IO</Filter>
    </ClInclude>
    <ClInclude Include="Result.h">
      <Filter>IO</Filter>
    </ClInclude>
  </ItemGroup>
  <ItemGroup>
    <None Include="ReadMe.txt" />
    <None Include="GAParams.csv">
      <Filter>Conductors</Filter>
    </None>
  </ItemGroup>
  <ItemGroup>
    <Filter Include="Conductors">
      <UniqueIdentifier>{877749a7-ac65-4f35-97a9-953a355c6ae4}</UniqueIdentifier>
    </Filter>
    <Filter Include="Algorithms">
      <UniqueIdentifier>{b99e472f-eb11-4262-b99f-ee70a97c601f}</UniqueIdentifier>
    </Filter>
    <Filter Include="Utilities">
      <UniqueIdentifier>{d15ddd65-3ba2-4b83-b527-396295b1f3e8}</UniqueIdentifier>
    </Filter>
    <Filter Include="IO">
      <UniqueIdentifier>{d00c528e-fea2-4525-9651-0318e7d2ea86}</UniqueIdentifier>
    </Filter>
  </ItemGroup>
</Project>