<?xml version="1.0" encoding="utf-8"?>
<Project ToolsVersion="4.0" xmlns="http://schemas.microsoft.com/developer/msbuild/2003">
  <ItemGroup>
    <ClCompile Include="quSynthesis.cpp" />
    <ClCompile Include="stdafx.cpp" />
    <ClCompile Include="Queue.cpp">
      <Filter>Core</Filter>
    </ClCompile>
    <ClCompile Include="Synthesizer.cpp">
      <Filter>Core</Filter>
    </ClCompile>
    <ClCompile Include="Rand.cpp">
      <Filter>Utility</Filter>
    </ClCompile>
  </ItemGroup>
  <ItemGroup>
    <ClInclude Include="stdafx.h" />
    <ClInclude Include="QuAlgorithm.h">
      <Filter>Algorithms</Filter>
    </ClInclude>
    <ClInclude Include="GAConductor.h">
      <Filter>Genetic</Filter>
    </ClInclude>
    <ClInclude Include="FileSrc.h">
      <Filter>Utility</Filter>
    </ClInclude>
    <ClInclude Include="Hasse.h">
      <Filter>Core</Filter>
    </ClInclude>
    <ClInclude Include="QuConductor.h">
      <Filter>Core</Filter>
    </ClInclude>
    <ClInclude Include="Queue.h">
      <Filter>Core</Filter>
    </ClInclude>
    <ClInclude Include="Synthesizer.h">
      <Filter>Core</Filter>
    </ClInclude>
    <ClInclude Include="Thread.h">
      <Filter>Core</Filter>
    </ClInclude>
    <ClInclude Include="BinaryBasic.h">
      <Filter>Binary</Filter>
    </ClInclude>
    <ClInclude Include="Result.h">
      <Filter>Utility</Filter>
    </ClInclude>
    <ClInclude Include="Rand.h">
      <Filter>Utility</Filter>
    </ClInclude>
    <ClInclude Include="QuSynthesizer.h">
      <Filter>Algorithms</Filter>
    </ClInclude>
    <ClInclude Include="CoveredSetPartition.h">
      <Filter>Binary</Filter>
    </ClInclude>
    <ClInclude Include="Globals.h">
      <Filter>Utility</Filter>
    </ClInclude>
    <ClInclude Include="Config.h">
      <Filter>Utility</Filter>
    </ClInclude>
    <ClInclude Include="GaParam.h">
      <Filter>Utility</Filter>
    </ClInclude>
    <ClInclude Include="StopWatch.h">
      <Filter>Utility</Filter>
    </ClInclude>
    <ClInclude Include="Miller.h">
      <Filter>Binary</Filter>
    </ClInclude>
    <ClInclude Include="Ternary\Synthesizer\Basic.h">
      <Filter>Ternary\Synthesizer</Filter>
    </ClInclude>
    <ClInclude Include="Ternary\Algorithm\NaturalOrder.h">
      <Filter>Ternary\Algorithm</Filter>
    </ClInclude>
    <ClInclude Include="Ternary\Algorithm\OrderedSet.h">
      <Filter>Ternary\Algorithm</Filter>
    </ClInclude>
    <ClInclude Include="Ternary\algorithm.h">
      <Filter>Ternary\Algorithm</Filter>
    </ClInclude>
  </ItemGroup>
  <ItemGroup>
    <None Include="ReadMe.txt" />
    <None Include="GAParams.csv">
      <Filter>Genetic</Filter>
    </None>
    <None Include="config.csv" />
    <None Include="..\inputs\Ternary\HWT10.txt">
      <Filter>Inputs\Ternary</Filter>
    </None>
    <None Include="..\inputs\Ternary\HWT9.txt">
      <Filter>Inputs\Ternary</Filter>
    </None>
    <None Include="..\inputs\Ternary\HWT2.txt">
      <Filter>Inputs\Ternary</Filter>
    </None>
    <None Include="..\inputs\Ternary\HWT3.txt">
      <Filter>Inputs\Ternary</Filter>
    </None>
    <None Include="..\inputs\Ternary\HWT4.txt">
      <Filter>Inputs\Ternary</Filter>
    </None>
    <None Include="..\inputs\Ternary\HWT5.txt">
      <Filter>Inputs\Ternary</Filter>
    </None>
    <None Include="..\inputs\Ternary\HWT6.txt">
      <Filter>Inputs\Ternary</Filter>
    </None>
    <None Include="..\inputs\Ternary\HWT7.txt">
      <Filter>Inputs\Ternary</Filter>
    </None>
    <None Include="..\inputs\Ternary\HWT8.txt">
      <Filter>Inputs\Ternary</Filter>
    </None>
  </ItemGroup>
  <ItemGroup>
    <Filter Include="Algorithms">
      <UniqueIdentifier>{019faf62-b2c1-4f93-b261-4915f99c2da0}</UniqueIdentifier>
    </Filter>
    <Filter Include="Genetic">
      <UniqueIdentifier>{0ed6c853-d9c9-43bb-bb50-9fb5fd1bc336}</UniqueIdentifier>
    </Filter>
    <Filter Include="Utility">
      <UniqueIdentifier>{f578bec2-e106-4d44-ab19-4611d80f1b34}</UniqueIdentifier>
    </Filter>
    <Filter Include="Core">
      <UniqueIdentifier>{4c1d423a-771e-4650-b6b9-d4465f8f08a2}</UniqueIdentifier>
    </Filter>
    <Filter Include="Ternary">
      <UniqueIdentifier>{5928408b-1040-4853-8e52-e23d5ce29d3d}</UniqueIdentifier>
    </Filter>
    <Filter Include="Binary">
      <UniqueIdentifier>{821a2448-03d5-43d5-a3d1-1dfe50d98b61}</UniqueIdentifier>
    </Filter>
    <Filter Include="Inputs">
      <UniqueIdentifier>{0f68a634-75aa-43b9-aeee-fe1fcb1e6918}</UniqueIdentifier>
    </Filter>
    <Filter Include="Ternary\Synthesizer">
      <UniqueIdentifier>{eb216ab6-735b-466a-868e-481d91e1399c}</UniqueIdentifier>
    </Filter>
    <Filter Include="Ternary\Algorithm">
      <UniqueIdentifier>{e468e961-0fac-4de6-b1f5-aa1408a33dc3}</UniqueIdentifier>
    </Filter>
    <Filter Include="Inputs\Ternary">
      <UniqueIdentifier>{c806f808-c9fb-4941-91e4-c01398229e2a}</UniqueIdentifier>
    </Filter>
  </ItemGroup>
  <ItemGroup>
    <CudaCompile Include="basic.cu">
      <Filter>Ternary\Synthesizer</Filter>
    </CudaCompile>
  </ItemGroup>
</Project>